
Microsoft Visual Studio Solution File, Format Version 12.00
# Visual Studio 15
VisualStudioVersion = 15.0.28307.106
MinimumVisualStudioVersion = 10.0.40219.1
Project("{FAE04EC0-301F-11D3-BF4B-00C04F79EFBC}") = "wei-outlook-add-in", "wei-outlook-add-in\wei-outlook-add-in.csproj", "{93A4028C-E3EB-4D29-8FAF-922F07F88E1E}"
EndProject
Global
	GlobalSection(SolutionConfigurationPlatforms) = preSolution
		Debug|Any CPU = Debug|Any CPU
		Release|Any CPU = Release|Any CPU
	EndGlobalSection
	GlobalSection(ProjectConfigurationPlatforms) = postSolution
		{93A4028C-E3EB-4D29-8FAF-922F07F88E1E}.Debug|Any CPU.ActiveCfg = Debug|Any CPU
		{93A4028C-E3EB-4D29-8FAF-922F07F88E1E}.Debug|Any CPU.Build.0 = Debug|Any CPU
		{93A4028C-E3EB-4D29-8FAF-922F07F88E1E}.Release|Any CPU.ActiveCfg = Release|Any CPU
		{93A4028C-E3EB-4D29-8FAF-922F07F88E1E}.Release|Any CPU.Build.0 = Release|Any CPU
	EndGlobalSection
	GlobalSection(SolutionProperties) = preSolution
		HideSolutionNode = FALSE
	EndGlobalSection
	GlobalSection(ExtensibilityGlobals) = postSolution
		SolutionGuid = {20F3EE05-B754-4C95-A575-8EC375EF2E69}
	EndGlobalSection
EndGlobal
